
Microsoft Visual Studio Solution File, Format Version 12.00
# Visual Studio Version 17
VisualStudioVersion = 17.0.32014.148
MinimumVisualStudioVersion = 10.0.40219.1
Project("{FAE04EC0-301F-11D3-BF4B-00C04F79EFBC}") = "DocumentViewer.Web", "DocumentViewer.Web\DocumentViewer.Web.csproj", "{4D6791DF-8331-4E17-958F-88BF9DC00949}"
EndProject
Global
	GlobalSection(SolutionConfigurationPlatforms) = preSolution
		Debug|Any CPU = Debug|Any CPU
		Release|Any CPU = Release|Any CPU
	EndGlobalSection
	GlobalSection(ProjectConfigurationPlatforms) = postSolution
		{4D6791DF-8331-4E17-958F-88BF9DC00949}.Debug|Any CPU.ActiveCfg = Debug|Any CPU
		{4D6791DF-8331-4E17-958F-88BF9DC00949}.Debug|Any CPU.Build.0 = Debug|Any CPU
		{4D6791DF-8331-4E17-958F-88BF9DC00949}.Release|Any CPU.ActiveCfg = Release|Any CPU
		{4D6791DF-8331-4E17-958F-88BF9DC00949}.Release|Any CPU.Build.0 = Release|Any CPU
	EndGlobalSection
	GlobalSection(SolutionProperties) = preSolution
		HideSolutionNode = FALSE
	EndGlobalSection
	GlobalSection(ExtensibilityGlobals) = postSolution
		SolutionGuid = {B8973578-52F0-47AC-A8EA-BF29B27ADF6F}
	EndGlobalSection
EndGlobal
